// !$*UTF8*$!
{
	archiveVersion = 1;
	classes = {
	};
	objectVersion = 52;
	objects = {

/* Begin PBXBuildFile section */
		7C2595062604E4AF006ACFAF /* Kingfisher in Frameworks */ = {isa = PBXBuildFile; productRef = 7C2595052604E4AF006ACFAF /* Kingfisher */; };
		7C93BE9D2619E85B00E8AFAB /* RecommendListViewController.swift in Sources */ = {isa = PBXBuildFile; fileRef = 7C93BE9C2619E85B00E8AFAB /* RecommendListViewController.swift */; };
		7C93BEA42619EC0A00E8AFAB /* SoonViewController.swift in Sources */ = {isa = PBXBuildFile; fileRef = 7C93BEA32619EC0A00E8AFAB /* SoonViewController.swift */; };
		7CD1080F2608BA27006D9B97 /* Player.storyboard in Resources */ = {isa = PBXBuildFile; fileRef = 7CD1080E2608BA27006D9B97 /* Player.storyboard */; };
		7CD108122608BA50006D9B97 /* PlayerViewController.swift in Sources */ = {isa = PBXBuildFile; fileRef = 7CD108112608BA50006D9B97 /* PlayerViewController.swift */; };
		7CD108162608C0C2006D9B97 /* PlayerView.swift in Sources */ = {isa = PBXBuildFile; fileRef = 7CD108152608C0C2006D9B97 /* PlayerView.swift */; };
		7CD6C284260B3BB3001DC64D /* HomeViewController.swift in Sources */ = {isa = PBXBuildFile; fileRef = 7CD6C283260B3BB3001DC64D /* HomeViewController.swift */; };
		7CED0C7E2603666300E06325 /* AppDelegate.swift in Sources */ = {isa = PBXBuildFile; fileRef = 7CED0C7D2603666300E06325 /* AppDelegate.swift */; };
		7CED0C802603666300E06325 /* SceneDelegate.swift in Sources */ = {isa = PBXBuildFile; fileRef = 7CED0C7F2603666300E06325 /* SceneDelegate.swift */; };
		7CED0C822603666300E06325 /* MeetfilxTabbarViewController.swift in Sources */ = {isa = PBXBuildFile; fileRef = 7CED0C812603666300E06325 /* MeetfilxTabbarViewController.swift */; };
		7CED0C852603666300E06325 /* Main.storyboard in Resources */ = {isa = PBXBuildFile; fileRef = 7CED0C832603666300E06325 /* Main.storyboard */; };
		7CED0C872603666400E06325 /* Assets.xcassets in Resources */ = {isa = PBXBuildFile; fileRef = 7CED0C862603666400E06325 /* Assets.xcassets */; };
		7CED0C8A2603666400E06325 /* LaunchScreen.storyboard in Resources */ = {isa = PBXBuildFile; fileRef = 7CED0C882603666400E06325 /* LaunchScreen.storyboard */; };
		7CED0C9526036A4700E06325 /* SearchViewController.swift in Sources */ = {isa = PBXBuildFile; fileRef = 7CED0C9426036A4700E06325 /* SearchViewController.swift */; };
/* End PBXBuildFile section */

/* Begin PBXFileReference section */
		7C93BE9C2619E85B00E8AFAB /* RecommendListViewController.swift */ = {isa = PBXFileReference; lastKnownFileType = sourcecode.swift; path = RecommendListViewController.swift; sourceTree = "<group>"; };
		7C93BEA32619EC0A00E8AFAB /* SoonViewController.swift */ = {isa = PBXFileReference; lastKnownFileType = sourcecode.swift; path = SoonViewController.swift; sourceTree = "<group>"; };
		7CD1080E2608BA27006D9B97 /* Player.storyboard */ = {isa = PBXFileReference; lastKnownFileType = file.storyboard; path = Player.storyboard; sourceTree = "<group>"; };
		7CD108112608BA50006D9B97 /* PlayerViewController.swift */ = {isa = PBXFileReference; lastKnownFileType = sourcecode.swift; name = PlayerViewController.swift; path = ../../../Desktop/PlayerViewController.swift; sourceTree = "<group>"; };
		7CD108152608C0C2006D9B97 /* PlayerView.swift */ = {isa = PBXFileReference; lastKnownFileType = sourcecode.swift; path = PlayerView.swift; sourceTree = "<group>"; };
		7CD6C283260B3BB3001DC64D /* HomeViewController.swift */ = {isa = PBXFileReference; lastKnownFileType = sourcecode.swift; path = HomeViewController.swift; sourceTree = "<group>"; };
		7CED0C7A2603666300E06325 /* Meetflix.app */ = {isa = PBXFileReference; explicitFileType = wrapper.application; includeInIndex = 0; path = Meetflix.app; sourceTree = BUILT_PRODUCTS_DIR; };
		7CED0C7D2603666300E06325 /* AppDelegate.swift */ = {isa = PBXFileReference; lastKnownFileType = sourcecode.swift; path = AppDelegate.swift; sourceTree = "<group>"; };
		7CED0C7F2603666300E06325 /* SceneDelegate.swift */ = {isa = PBXFileReference; lastKnownFileType = sourcecode.swift; path = SceneDelegate.swift; sourceTree = "<group>"; };
		7CED0C812603666300E06325 /* MeetfilxTabbarViewController.swift */ = {isa = PBXFileReference; lastKnownFileType = sourcecode.swift; path = MeetfilxTabbarViewController.swift; sourceTree = "<group>"; };
		7CED0C842603666300E06325 /* Base */ = {isa = PBXFileReference; lastKnownFileType = file.storyboard; name = Base; path = Base.lproj/Main.storyboard; sourceTree = "<group>"; };
		7CED0C862603666400E06325 /* Assets.xcassets */ = {isa = PBXFileReference; lastKnownFileType = folder.assetcatalog; path = Assets.xcassets; sourceTree = "<group>"; };
		7CED0C892603666400E06325 /* Base */ = {isa = PBXFileReference; lastKnownFileType = file.storyboard; name = Base; path = Base.lproj/LaunchScreen.storyboard; sourceTree = "<group>"; };
		7CED0C8B2603666400E06325 /* Info.plist */ = {isa = PBXFileReference; lastKnownFileType = text.plist.xml; path = Info.plist; sourceTree = "<group>"; };
		7CED0C9426036A4700E06325 /* SearchViewController.swift */ = {isa = PBXFileReference; lastKnownFileType = sourcecode.swift; path = SearchViewController.swift; sourceTree = "<group>"; };
/* End PBXFileReference section */

/* Begin PBXFrameworksBuildPhase section */
		7CED0C772603666300E06325 /* Frameworks */ = {
			isa = PBXFrameworksBuildPhase;
			buildActionMask = 2147483647;
			files = (
				7C2595062604E4AF006ACFAF /* Kingfisher in Frameworks */,
			);
			runOnlyForDeploymentPostprocessing = 0;
		};
/* End PBXFrameworksBuildPhase section */

/* Begin PBXGroup section */
		7CED0C712603666300E06325 = {
			isa = PBXGroup;
			children = (
				7CED0C7C2603666300E06325 /* Meetflix */,
				7CED0C7B2603666300E06325 /* Products */,
			);
			sourceTree = "<group>";
		};
		7CED0C7B2603666300E06325 /* Products */ = {
			isa = PBXGroup;
			children = (
				7CED0C7A2603666300E06325 /* Meetflix.app */,
			);
			name = Products;
			sourceTree = "<group>";
		};
		7CED0C7C2603666300E06325 /* Meetflix */ = {
			isa = PBXGroup;
			children = (
				7CED0C7D2603666300E06325 /* AppDelegate.swift */,
				7CED0C7F2603666300E06325 /* SceneDelegate.swift */,
				7CED0C812603666300E06325 /* MeetfilxTabbarViewController.swift */,
				7CED0C832603666300E06325 /* Main.storyboard */,
				7CED0C882603666400E06325 /* LaunchScreen.storyboard */,
				7CD1080E2608BA27006D9B97 /* Player.storyboard */,
				7CED0C8B2603666400E06325 /* Info.plist */,
				7CD6C283260B3BB3001DC64D /* HomeViewController.swift */,
				7CED0C9426036A4700E06325 /* SearchViewController.swift */,
				7CD108112608BA50006D9B97 /* PlayerViewController.swift */,
				7CD108152608C0C2006D9B97 /* PlayerView.swift */,
				7CED0C862603666400E06325 /* Assets.xcassets */,
				7C93BE9C2619E85B00E8AFAB /* RecommendListViewController.swift */,
				7C93BEA32619EC0A00E8AFAB /* SoonViewController.swift */,
			);
			path = Meetflix;
			sourceTree = "<group>";
		};
/* End PBXGroup section */

/* Begin PBXNativeTarget section */
		7CED0C792603666300E06325 /* Meetflix */ = {
			isa = PBXNativeTarget;
			buildConfigurationList = 7CED0C8E2603666400E06325 /* Build configuration list for PBXNativeTarget "Meetflix" */;
			buildPhases = (
				7CED0C762603666300E06325 /* Sources */,
				7CED0C772603666300E06325 /* Frameworks */,
				7CED0C782603666300E06325 /* Resources */,
			);
			buildRules = (
			);
			dependencies = (
			);
			name = Meetflix;
			packageProductDependencies = (
				7C2595052604E4AF006ACFAF /* Kingfisher */,
			);
			productName = Meetflix;
			productReference = 7CED0C7A2603666300E06325 /* Meetflix.app */;
			productType = "com.apple.product-type.application";
		};
/* End PBXNativeTarget section */

/* Begin PBXProject section */
		7CED0C722603666300E06325 /* Project object */ = {
			isa = PBXProject;
			attributes = {
				LastSwiftUpdateCheck = 1230;
				LastUpgradeCheck = 1230;
				TargetAttributes = {
					7CED0C792603666300E06325 = {
						CreatedOnToolsVersion = 12.3;
					};
				};
			};
			buildConfigurationList = 7CED0C752603666300E06325 /* Build configuration list for PBXProject "Meetflix" */;
			compatibilityVersion = "Xcode 9.3";
			developmentRegion = en;
			hasScannedForEncodings = 0;
			knownRegions = (
				en,
				Base,
			);
			mainGroup = 7CED0C712603666300E06325;
			packageReferences = (
				7C2595042604E4AF006ACFAF /* XCRemoteSwiftPackageReference "Kingfisher" */,
			);
			productRefGroup = 7CED0C7B2603666300E06325 /* Products */;
			projectDirPath = "";
			projectRoot = "";
			targets = (
				7CED0C792603666300E06325 /* Meetflix */,
			);
		};
/* End PBXProject section */

/* Begin PBXResourcesBuildPhase section */
		7CED0C782603666300E06325 /* Resources */ = {
			isa = PBXResourcesBuildPhase;
			buildActionMask = 2147483647;
			files = (
				7CED0C8A2603666400E06325 /* LaunchScreen.storyboard in Resources */,
				7CD1080F2608BA27006D9B97 /* Player.storyboard in Resources */,
				7CED0C872603666400E06325 /* Assets.xcassets in Resources */,
				7CED0C852603666300E06325 /* Main.storyboard in Resources */,
			);
			runOnlyForDeploymentPostprocessing = 0;
		};
/* End PBXResourcesBuildPhase section */

/* Begin PBXSourcesBuildPhase section */
		7CED0C762603666300E06325 /* Sources */ = {
			isa = PBXSourcesBuildPhase;
			buildActionMask = 2147483647;
			files = (
				7CED0C822603666300E06325 /* MeetfilxTabbarViewController.swift in Sources */,
				7CED0C7E2603666300E06325 /* AppDelegate.swift in Sources */,
				7CED0C9526036A4700E06325 /* SearchViewController.swift in Sources */,
				7C93BE9D2619E85B00E8AFAB /* RecommendListViewController.swift in Sources */,
				7CD108162608C0C2006D9B97 /* PlayerView.swift in Sources */,
				7CED0C802603666300E06325 /* SceneDelegate.swift in Sources */,
				7CD6C284260B3BB3001DC64D /* HomeViewController.swift in Sources */,
				7C93BEA42619EC0A00E8AFAB /* SoonViewController.swift in Sources */,
				7CD108122608BA50006D9B97 /* PlayerViewController.swift in Sources */,
			);
			runOnlyForDeploymentPostprocessing = 0;
		};
/* End PBXSourcesBuildPhase section */

/* Begin PBXVariantGroup section */
		7CED0C832603666300E06325 /* Main.storyboard */ = {
			isa = PBXVariantGroup;
			children = (
				7CED0C842603666300E06325 /* Base */,
			);
			name = Main.storyboard;
			sourceTree = "<group>";
		};
		7CED0C882603666400E06325 /* LaunchScreen.storyboard */ = {
			isa = PBXVariantGroup;
			children = (
				7CED0C892603666400E06325 /* Base */,
			);
			name = LaunchScreen.storyboard;
			sourceTree = "<group>";
		};
/* End PBXVariantGroup section */

/* Begin XCBuildConfiguration section */
		7CED0C8C2603666400E06325 /* Debug */ = {
			isa = XCBuildConfiguration;
			buildSettings = {
				ALWAYS_SEARCH_USER_PATHS = NO;
				CLANG_ANALYZER_NONNULL = YES;
				CLANG_ANALYZER_NUMBER_OBJECT_CONVERSION = YES_AGGRESSIVE;
				CLANG_CXX_LANGUAGE_STANDARD = "gnu++14";
				CLANG_CXX_LIBRARY = "libc++";
				CLANG_ENABLE_MODULES = YES;
				CLANG_ENABLE_OBJC_ARC = YES;
				CLANG_ENABLE_OBJC_WEAK = YES;
				CLANG_WARN_BLOCK_CAPTURE_AUTORELEASING = YES;
				CLANG_WARN_BOOL_CONVERSION = YES;
				CLANG_WARN_COMMA = YES;
				CLANG_WARN_CONSTANT_CONVERSION = YES;
				CLANG_WARN_DEPRECATED_OBJC_IMPLEMENTATIONS = YES;
				CLANG_WARN_DIRECT_OBJC_ISA_USAGE = YES_ERROR;
				CLANG_WARN_DOCUMENTATION_COMMENTS = YES;
				CLANG_WARN_EMPTY_BODY = YES;
				CLANG_WARN_ENUM_CONVERSION = YES;
				CLANG_WARN_INFINITE_RECURSION = YES;
				CLANG_WARN_INT_CONVERSION = YES;
				CLANG_WARN_NON_LITERAL_NULL_CONVERSION = YES;
				CLANG_WARN_OBJC_IMPLICIT_RETAIN_SELF = YES;
				CLANG_WARN_OBJC_LITERAL_CONVERSION = YES;
				CLANG_WARN_OBJC_ROOT_CLASS = YES_ERROR;
				CLANG_WARN_QUOTED_INCLUDE_IN_FRAMEWORK_HEADER = YES;
				CLANG_WARN_RANGE_LOOP_ANALYSIS = YES;
				CLANG_WARN_STRICT_PROTOTYPES = YES;
				CLANG_WARN_SUSPICIOUS_MOVE = YES;
				CLANG_WARN_UNGUARDED_AVAILABILITY = YES_AGGRESSIVE;
				CLANG_WARN_UNREACHABLE_CODE = YES;
				CLANG_WARN__DUPLICATE_METHOD_MATCH = YES;
				COPY_PHASE_STRIP = NO;
				DEBUG_INFORMATION_FORMAT = dwarf;
				ENABLE_STRICT_OBJC_MSGSEND = YES;
				ENABLE_TESTABILITY = YES;
				GCC_C_LANGUAGE_STANDARD = gnu11;
				GCC_DYNAMIC_NO_PIC = NO;
				GCC_NO_COMMON_BLOCKS = YES;
				GCC_OPTIMIZATION_LEVEL = 0;
				GCC_PREPROCESSOR_DEFINITIONS = (
					"DEBUG=1",
					"$(inherited)",
				);
				GCC_WARN_64_TO_32_BIT_CONVERSION = YES;
				GCC_WARN_ABOUT_RETURN_TYPE = YES_ERROR;
				GCC_WARN_UNDECLARED_SELECTOR = YES;
				GCC_WARN_UNINITIALIZED_AUTOS = YES_AGGRESSIVE;
				GCC_WARN_UNUSED_FUNCTION = YES;
				GCC_WARN_UNUSED_VARIABLE = YES;
				IPHONEOS_DEPLOYMENT_TARGET = 14.3;
				MTL_ENABLE_DEBUG_INFO = INCLUDE_SOURCE;
				MTL_FAST_MATH = YES;
				ONLY_ACTIVE_ARCH = YES;
				SDKROOT = iphoneos;
				SWIFT_ACTIVE_COMPILATION_CONDITIONS = DEBUG;
				SWIFT_OPTIMIZATION_LEVEL = "-Onone";
			};
			name = Debug;
		};
		7CED0C8D2603666400E06325 /* Release */ = {
			isa = XCBuildConfiguration;
			buildSettings = {
				ALWAYS_SEARCH_USER_PATHS = NO;
				CLANG_ANALYZER_NONNULL = YES;
				CLANG_ANALYZER_NUMBER_OBJECT_CONVERSION = YES_AGGRESSIVE;
				CLANG_CXX_LANGUAGE_STANDARD = "gnu++14";
				CLANG_CXX_LIBRARY = "libc++";
				CLANG_ENABLE_MODULES = YES;
				CLANG_ENABLE_OBJC_ARC = YES;
				CLANG_ENABLE_OBJC_WEAK = YES;
				CLANG_WARN_BLOCK_CAPTURE_AUTORELEASING = YES;
				CLANG_WARN_BOOL_CONVERSION = YES;
				CLANG_WARN_COMMA = YES;
				CLANG_WARN_CONSTANT_CONVERSION = YES;
				CLANG_WARN_DEPRECATED_OBJC_IMPLEMENTATIONS = YES;
				CLANG_WARN_DIRECT_OBJC_ISA_USAGE = YES_ERROR;
				CLANG_WARN_DOCUMENTATION_COMMENTS = YES;
				CLANG_WARN_EMPTY_BODY = YES;
				CLANG_WARN_ENUM_CONVERSION = YES;
				CLANG_WARN_INFINITE_RECURSION = YES;
				CLANG_WARN_INT_CONVERSION = YES;
				CLANG_WARN_NON_LITERAL_NULL_CONVERSION = YES;
				CLANG_WARN_OBJC_IMPLICIT_RETAIN_SELF = YES;
				CLANG_WARN_OBJC_LITERAL_CONVERSION = YES;
				CLANG_WARN_OBJC_ROOT_CLASS = YES_ERROR;
				CLANG_WARN_QUOTED_INCLUDE_IN_FRAMEWORK_HEADER = YES;
				CLANG_WARN_RANGE_LOOP_ANALYSIS = YES;
				CLANG_WARN_STRICT_PROTOTYPES = YES;
				CLANG_WARN_SUSPICIOUS_MOVE = YES;
				CLANG_WARN_UNGUARDED_AVAILABILITY = YES_AGGRESSIVE;
				CLANG_WARN_UNREACHABLE_CODE = YES;
				CLANG_WARN__DUPLICATE_METHOD_MATCH = YES;
				COPY_PHASE_STRIP = NO;
				DEBUG_INFORMATION_FORMAT = "dwarf-with-dsym";
				ENABLE_NS_ASSERTIONS = NO;
				ENABLE_STRICT_OBJC_MSGSEND = YES;
				GCC_C_LANGUAGE_STANDARD = gnu11;
				GCC_NO_COMMON_BLOCKS = YES;
				GCC_WARN_64_TO_32_BIT_CONVERSION = YES;
				GCC_WARN_ABOUT_RETURN_TYPE = YES_ERROR;
				GCC_WARN_UNDECLARED_SELECTOR = YES;
				GCC_WARN_UNINITIALIZED_AUTOS = YES_AGGRESSIVE;
				GCC_WARN_UNUSED_FUNCTION = YES;
				GCC_WARN_UNUSED_VARIABLE = YES;
				IPHONEOS_DEPLOYMENT_TARGET = 14.3;
				MTL_ENABLE_DEBUG_INFO = NO;
				MTL_FAST_MATH = YES;
				SDKROOT = iphoneos;
				SWIFT_COMPILATION_MODE = wholemodule;
				SWIFT_OPTIMIZATION_LEVEL = "-O";
				VALIDATE_PRODUCT = YES;
			};
			name = Release;
		};
		7CED0C8F2603666400E06325 /* Debug */ = {
			isa = XCBuildConfiguration;
			buildSettings = {
				ASSETCATALOG_COMPILER_APPICON_NAME = AppIcon;
				ASSETCATALOG_COMPILER_GLOBAL_ACCENT_COLOR_NAME = AccentColor;
				CODE_SIGN_STYLE = Automatic;
				DEVELOPMENT_TEAM = 2Z7YX43544;
				INFOPLIST_FILE = Meetflix/Info.plist;
				IPHONEOS_DEPLOYMENT_TARGET = 13.0;
				LD_RUNPATH_SEARCH_PATHS = (
					"$(inherited)",
					"@executable_path/Frameworks",
				);
				PRODUCT_BUNDLE_IDENTIFIER = com.pptaa.Meetflix;
				PRODUCT_NAME = "$(TARGET_NAME)";
				SWIFT_VERSION = 5.0;
				TARGETED_DEVICE_FAMILY = "1,2";
			};
			name = Debug;
		};
		7CED0C902603666400E06325 /* Release */ = {
			isa = XCBuildConfiguration;
			buildSettings = {
				ASSETCATALOG_COMPILER_APPICON_NAME = AppIcon;
				ASSETCATALOG_COMPILER_GLOBAL_ACCENT_COLOR_NAME = AccentColor;
				CODE_SIGN_STYLE = Automatic;
				DEVELOPMENT_TEAM = 2Z7YX43544;
				INFOPLIST_FILE = Meetflix/Info.plist;
				IPHONEOS_DEPLOYMENT_TARGET = 13.0;
				LD_RUNPATH_SEARCH_PATHS = (
					"$(inherited)",
					"@executable_path/Frameworks",
				);
				PRODUCT_BUNDLE_IDENTIFIER = com.pptaa.Meetflix;
				PRODUCT_NAME = "$(TARGET_NAME)";
				SWIFT_VERSION = 5.0;
				TARGETED_DEVICE_FAMILY = "1,2";
			};
			name = Release;
		};
/* End XCBuildConfiguration section */

/* Begin XCConfigurationList section */
		7CED0C752603666300E06325 /* Build configuration list for PBXProject "Meetflix" */ = {
			isa = XCConfigurationList;
			buildConfigurations = (
				7CED0C8C2603666400E06325 /* Debug */,
				7CED0C8D2603666400E06325 /* Release */,
			);
			defaultConfigurationIsVisible = 0;
			defaultConfigurationName = Release;
		};
		7CED0C8E2603666400E06325 /* Build configuration list for PBXNativeTarget "Meetflix" */ = {
			isa = XCConfigurationList;
			buildConfigurations = (
				7CED0C8F2603666400E06325 /* Debug */,
				7CED0C902603666400E06325 /* Release */,
			);
			defaultConfigurationIsVisible = 0;
			defaultConfigurationName = Release;
		};
/* End XCConfigurationList section */

/* Begin XCRemoteSwiftPackageReference section */
		7C2595042604E4AF006ACFAF /* XCRemoteSwiftPackageReference "Kingfisher" */ = {
			isa = XCRemoteSwiftPackageReference;
			repositoryURL = "https://github.com/onevcat/Kingfisher";
			requirement = {
				kind = upToNextMajorVersion;
				minimumVersion = 6.2.1;
			};
		};
/* End XCRemoteSwiftPackageReference section */

/* Begin XCSwiftPackageProductDependency section */
		7C2595052604E4AF006ACFAF /* Kingfisher */ = {
			isa = XCSwiftPackageProductDependency;
			package = 7C2595042604E4AF006ACFAF /* XCRemoteSwiftPackageReference "Kingfisher" */;
			productName = Kingfisher;
		};
/* End XCSwiftPackageProductDependency section */
	};
	rootObject = 7CED0C722603666300E06325 /* Project object */;
}
